
Microsoft Visual Studio Solution File, Format Version 12.00
# Visual Studio Version 17
VisualStudioVersion = 17.3.32922.545
MinimumVisualStudioVersion = 10.0.40219.1
Project("{FAE04EC0-301F-11D3-BF4B-00C04F79EFBC}") = "FinalProject", "FinalProject\FinalProject.csproj", "{778906A1-DCD3-4CA8-BF74-48D945CC534A}"
EndProject
Global
	GlobalSection(SolutionConfigurationPlatforms) = preSolution
		Debug|Any CPU = Debug|Any CPU
		Release|Any CPU = Release|Any CPU
	EndGlobalSection
	GlobalSection(ProjectConfigurationPlatforms) = postSolution
		{778906A1-DCD3-4CA8-BF74-48D945CC534A}.Debug|Any CPU.ActiveCfg = Debug|Any CPU
		{778906A1-DCD3-4CA8-BF74-48D945CC534A}.Debug|Any CPU.Build.0 = Debug|Any CPU
		{778906A1-DCD3-4CA8-BF74-48D945CC534A}.Release|Any CPU.ActiveCfg = Release|Any CPU
		{778906A1-DCD3-4CA8-BF74-48D945CC534A}.Release|Any CPU.Build.0 = Release|Any CPU
	EndGlobalSection
	GlobalSection(SolutionProperties) = preSolution
		HideSolutionNode = FALSE
	EndGlobalSection
	GlobalSection(ExtensibilityGlobals) = postSolution
		SolutionGuid = {64E5B5DB-F91B-459E-BE49-212BC9D01349}
	EndGlobalSection
EndGlobal
